// !$*UTF8*$!
{
	archiveVersion = 1;
	classes = {
	};
	objectVersion = 55;
	objects = {

/* Begin PBXBuildFile section */
		C21494082731A2DB00233824 /* AppDelegate.swift in Sources */ = {isa = PBXBuildFile; fileRef = C21494072731A2DB00233824 /* AppDelegate.swift */; };
		C214940A2731A2DB00233824 /* SceneDelegate.swift in Sources */ = {isa = PBXBuildFile; fileRef = C21494092731A2DB00233824 /* SceneDelegate.swift */; };
		C214940C2731A2DB00233824 /* ViewController.swift in Sources */ = {isa = PBXBuildFile; fileRef = C214940B2731A2DB00233824 /* ViewController.swift */; };
		C214940F2731A2DB00233824 /* Main.storyboard in Resources */ = {isa = PBXBuildFile; fileRef = C214940D2731A2DB00233824 /* Main.storyboard */; };
		C21494112731A2DB00233824 /* Assets.xcassets in Resources */ = {isa = PBXBuildFile; fileRef = C21494102731A2DB00233824 /* Assets.xcassets */; };
		C21494142731A2DB00233824 /* LaunchScreen.storyboard in Resources */ = {isa = PBXBuildFile; fileRef = C21494122731A2DB00233824 /* LaunchScreen.storyboard */; };
		C214941D2731A6C000233824 /* ViewController.swift in Sources */ = {isa = PBXBuildFile; fileRef = C214940B2731A2DB00233824 /* ViewController.swift */; };
		C214941E2731A6C000233824 /* AppDelegate.swift in Sources */ = {isa = PBXBuildFile; fileRef = C21494072731A2DB00233824 /* AppDelegate.swift */; };
		C214941F2731A6C000233824 /* SceneDelegate.swift in Sources */ = {isa = PBXBuildFile; fileRef = C21494092731A2DB00233824 /* SceneDelegate.swift */; };
		C21494222731A6C000233824 /* LaunchScreen.storyboard in Resources */ = {isa = PBXBuildFile; fileRef = C21494122731A2DB00233824 /* LaunchScreen.storyboard */; };
		C21494232731A6C000233824 /* Assets.xcassets in Resources */ = {isa = PBXBuildFile; fileRef = C21494102731A2DB00233824 /* Assets.xcassets */; };
		C21494242731A6C000233824 /* Main.storyboard in Resources */ = {isa = PBXBuildFile; fileRef = C214940D2731A2DB00233824 /* Main.storyboard */; };
		C214942C2731A77D00233824 /* MapKit.framework in Frameworks */ = {isa = PBXBuildFile; fileRef = C214942B2731A77D00233824 /* MapKit.framework */; };
		C214943B2731D34F00233824 /* Transactions.storyboard in Resources */ = {isa = PBXBuildFile; fileRef = C214943A2731D34F00233824 /* Transactions.storyboard */; };
		C214943D2731D50600233824 /* Profile.storyboard in Resources */ = {isa = PBXBuildFile; fileRef = C214943C2731D50600233824 /* Profile.storyboard */; };
		C21494462731D6C400233824 /* Statics.storyboard in Resources */ = {isa = PBXBuildFile; fileRef = C21494452731D6C400233824 /* Statics.storyboard */; };
		C21494482731D6F500233824 /* Budget.storyboard in Resources */ = {isa = PBXBuildFile; fileRef = C21494472731D6F500233824 /* Budget.storyboard */; };
		C214944A2731D70E00233824 /* Add.storyboard in Resources */ = {isa = PBXBuildFile; fileRef = C21494492731D70E00233824 /* Add.storyboard */; };
		C214944C2731DD4600233824 /* SignIn.storyboard in Resources */ = {isa = PBXBuildFile; fileRef = C214944B2731DD4600233824 /* SignIn.storyboard */; };
/* End PBXBuildFile section */

/* Begin PBXFileReference section */
		C21494042731A2DB00233824 /* PlatziFinanzas.app */ = {isa = PBXFileReference; explicitFileType = wrapper.application; includeInIndex = 0; path = PlatziFinanzas.app; sourceTree = BUILT_PRODUCTS_DIR; };
		C21494072731A2DB00233824 /* AppDelegate.swift */ = {isa = PBXFileReference; lastKnownFileType = sourcecode.swift; path = AppDelegate.swift; sourceTree = "<group>"; };
		C21494092731A2DB00233824 /* SceneDelegate.swift */ = {isa = PBXFileReference; lastKnownFileType = sourcecode.swift; path = SceneDelegate.swift; sourceTree = "<group>"; };
		C214940B2731A2DB00233824 /* ViewController.swift */ = {isa = PBXFileReference; lastKnownFileType = sourcecode.swift; path = ViewController.swift; sourceTree = "<group>"; };
		C214940E2731A2DB00233824 /* Base */ = {isa = PBXFileReference; lastKnownFileType = file.storyboard; name = Base; path = Base.lproj/Main.storyboard; sourceTree = "<group>"; };
		C21494102731A2DB00233824 /* Assets.xcassets */ = {isa = PBXFileReference; lastKnownFileType = folder.assetcatalog; path = Assets.xcassets; sourceTree = "<group>"; };
		C21494132731A2DB00233824 /* Base */ = {isa = PBXFileReference; lastKnownFileType = file.storyboard; name = Base; path = Base.lproj/LaunchScreen.storyboard; sourceTree = "<group>"; };
		C21494152731A2DB00233824 /* Info.plist */ = {isa = PBXFileReference; lastKnownFileType = text.plist.xml; path = Info.plist; sourceTree = "<group>"; };
		C21494282731A6C000233824 /* Production.app */ = {isa = PBXFileReference; explicitFileType = wrapper.application; includeInIndex = 0; path = Production.app; sourceTree = BUILT_PRODUCTS_DIR; };
		C21494292731A6C000233824 /* PlatziFinanzas copy-Info.plist */ = {isa = PBXFileReference; lastKnownFileType = text.plist.xml; name = "PlatziFinanzas copy-Info.plist"; path = "/Users/saulcorona/Documents/Bootcamp IOS/PlatziFinanzas/PlatziFinanzas copy-Info.plist"; sourceTree = "<absolute>"; };
		C214942B2731A77D00233824 /* MapKit.framework */ = {isa = PBXFileReference; lastKnownFileType = wrapper.framework; name = MapKit.framework; path = System/Library/Frameworks/MapKit.framework; sourceTree = SDKROOT; };
		C214943A2731D34F00233824 /* Transactions.storyboard */ = {isa = PBXFileReference; fileEncoding = 4; lastKnownFileType = file.storyboard; path = Transactions.storyboard; sourceTree = "<group>"; };
		C214943C2731D50600233824 /* Profile.storyboard */ = {isa = PBXFileReference; fileEncoding = 4; lastKnownFileType = file.storyboard; path = Profile.storyboard; sourceTree = "<group>"; };
		C21494452731D6C400233824 /* Statics.storyboard */ = {isa = PBXFileReference; fileEncoding = 4; lastKnownFileType = file.storyboard; path = Statics.storyboard; sourceTree = "<group>"; };
		C21494472731D6F500233824 /* Budget.storyboard */ = {isa = PBXFileReference; fileEncoding = 4; lastKnownFileType = file.storyboard; path = Budget.storyboard; sourceTree = "<group>"; };
		C21494492731D70E00233824 /* Add.storyboard */ = {isa = PBXFileReference; fileEncoding = 4; lastKnownFileType = file.storyboard; path = Add.storyboard; sourceTree = "<group>"; };
		C214944B2731DD4600233824 /* SignIn.storyboard */ = {isa = PBXFileReference; lastKnownFileType = file.storyboard; path = SignIn.storyboard; sourceTree = "<group>"; };
/* End PBXFileReference section */

/* Begin PBXFrameworksBuildPhase section */
		C21494012731A2DB00233824 /* Frameworks */ = {
			isa = PBXFrameworksBuildPhase;
			buildActionMask = 2147483647;
			files = (
				C214942C2731A77D00233824 /* MapKit.framework in Frameworks */,
			);
			runOnlyForDeploymentPostprocessing = 0;
		};
		C21494202731A6C000233824 /* Frameworks */ = {
			isa = PBXFrameworksBuildPhase;
			buildActionMask = 2147483647;
			files = (
			);
			runOnlyForDeploymentPostprocessing = 0;
		};
/* End PBXFrameworksBuildPhase section */

/* Begin PBXGroup section */
		C21493FB2731A2DB00233824 = {
			isa = PBXGroup;
			children = (
				C21494062731A2DB00233824 /* PlatziFinanzas */,
				C21494052731A2DB00233824 /* Products */,
				C214942A2731A77D00233824 /* Frameworks */,
			);
			sourceTree = "<group>";
		};
		C21494052731A2DB00233824 /* Products */ = {
			isa = PBXGroup;
			children = (
				C21494042731A2DB00233824 /* PlatziFinanzas.app */,
				C21494282731A6C000233824 /* Production.app */,
			);
			name = Products;
			sourceTree = "<group>";
		};
		C21494062731A2DB00233824 /* PlatziFinanzas */ = {
			isa = PBXGroup;
			children = (
				C214942F2731A86500233824 /* Resources */,
				C214942E2731A83000233824 /* Base */,
				C214942D2731A82200233824 /* Application */,
			);
			path = PlatziFinanzas;
			sourceTree = "<group>";
		};
		C214942A2731A77D00233824 /* Frameworks */ = {
			isa = PBXGroup;
			children = (
				C214942B2731A77D00233824 /* MapKit.framework */,
			);
			name = Frameworks;
			sourceTree = "<group>";
		};
		C214942D2731A82200233824 /* Application */ = {
			isa = PBXGroup;
			children = (
				C21494322731A92200233824 /* Main */,
				C21494312731A91100233824 /* Authentication */,
			);
			path = Application;
			sourceTree = "<group>";
		};
		C214942E2731A83000233824 /* Base */ = {
			isa = PBXGroup;
			children = (
				C21494092731A2DB00233824 /* SceneDelegate.swift */,
				C21494072731A2DB00233824 /* AppDelegate.swift */,
				C21494152731A2DB00233824 /* Info.plist */,
				C21494292731A6C000233824 /* PlatziFinanzas copy-Info.plist */,
				C21494122731A2DB00233824 /* LaunchScreen.storyboard */,
			);
			path = Base;
			sourceTree = "<group>";
		};
		C214942F2731A86500233824 /* Resources */ = {
			isa = PBXGroup;
			children = (
				C21494302731A88300233824 /* Images */,
			);
			path = Resources;
			sourceTree = "<group>";
		};
		C21494302731A88300233824 /* Images */ = {
			isa = PBXGroup;
			children = (
				C21494102731A2DB00233824 /* Assets.xcassets */,
			);
			path = Images;
			sourceTree = "<group>";
		};
		C21494312731A91100233824 /* Authentication */ = {
			isa = PBXGroup;
			children = (
				C21494342731A93C00233824 /* Singn In */,
				C21494332731A93100233824 /* OnBoarding */,
			);
			path = Authentication;
			sourceTree = "<group>";
		};
		C21494322731A92200233824 /* Main */ = {
			isa = PBXGroup;
			children = (
				C21494442731D6A000233824 /* Statics */,
				C21494422731D5FC00233824 /* Add */,
				C21494412731D5EE00233824 /* Budget */,
				C21494372731A97E00233824 /* Profile */,
				C21494362731A97200233824 /* Main */,
				C21494352731A94E00233824 /* Transactions */,
			);
			path = Main;
			sourceTree = "<group>";
		};
		C21494332731A93100233824 /* OnBoarding */ = {
			isa = PBXGroup;
			children = (
			);
			path = OnBoarding;
			sourceTree = "<group>";
		};
		C21494342731A93C00233824 /* Singn In */ = {
			isa = PBXGroup;
			children = (
				C214944B2731DD4600233824 /* SignIn.storyboard */,
			);
			path = "Singn In";
			sourceTree = "<group>";
		};
		C21494352731A94E00233824 /* Transactions */ = {
			isa = PBXGroup;
			children = (
				C214943A2731D34F00233824 /* Transactions.storyboard */,
			);
			path = Transactions;
			sourceTree = "<group>";
		};
		C21494362731A97200233824 /* Main */ = {
			isa = PBXGroup;
			children = (
				C214940D2731A2DB00233824 /* Main.storyboard */,
				C214940B2731A2DB00233824 /* ViewController.swift */,
			);
			path = Main;
			sourceTree = "<group>";
		};
		C21494372731A97E00233824 /* Profile */ = {
			isa = PBXGroup;
			children = (
				C214943C2731D50600233824 /* Profile.storyboard */,
			);
			path = Profile;
			sourceTree = "<group>";
		};
		C21494412731D5EE00233824 /* Budget */ = {
			isa = PBXGroup;
			children = (
				C21494472731D6F500233824 /* Budget.storyboard */,
			);
			path = Budget;
			sourceTree = "<group>";
		};
		C21494422731D5FC00233824 /* Add */ = {
			isa = PBXGroup;
			children = (
				C21494492731D70E00233824 /* Add.storyboard */,
			);
			path = Add;
			sourceTree = "<group>";
		};
		C21494442731D6A000233824 /* Statics */ = {
			isa = PBXGroup;
			children = (
				C21494452731D6C400233824 /* Statics.storyboard */,
			);
			path = Statics;
			sourceTree = "<group>";
		};
/* End PBXGroup section */

/* Begin PBXNativeTarget section */
		C21494032731A2DB00233824 /* PlatziFinanzas */ = {
			isa = PBXNativeTarget;
			buildConfigurationList = C21494182731A2DB00233824 /* Build configuration list for PBXNativeTarget "PlatziFinanzas" */;
			buildPhases = (
				C21494002731A2DB00233824 /* Sources */,
				C21494012731A2DB00233824 /* Frameworks */,
				C21494022731A2DB00233824 /* Resources */,
			);
			buildRules = (
			);
			dependencies = (
			);
			name = PlatziFinanzas;
			productName = PlatziFinanzas;
			productReference = C21494042731A2DB00233824 /* PlatziFinanzas.app */;
			productType = "com.apple.product-type.application";
		};
		C214941B2731A6C000233824 /* Production */ = {
			isa = PBXNativeTarget;
			buildConfigurationList = C21494252731A6C000233824 /* Build configuration list for PBXNativeTarget "Production" */;
			buildPhases = (
				C214941C2731A6C000233824 /* Sources */,
				C21494202731A6C000233824 /* Frameworks */,
				C21494212731A6C000233824 /* Resources */,
			);
			buildRules = (
			);
			dependencies = (
			);
			name = Production;
			productName = PlatziFinanzas;
			productReference = C21494282731A6C000233824 /* Production.app */;
			productType = "com.apple.product-type.application";
		};
/* End PBXNativeTarget section */

/* Begin PBXProject section */
		C21493FC2731A2DB00233824 /* Project object */ = {
			isa = PBXProject;
			attributes = {
				BuildIndependentTargetsInParallel = 1;
				LastSwiftUpdateCheck = 1310;
				LastUpgradeCheck = 1310;
				TargetAttributes = {
					C21494032731A2DB00233824 = {
						CreatedOnToolsVersion = 13.1;
					};
				};
			};
			buildConfigurationList = C21493FF2731A2DB00233824 /* Build configuration list for PBXProject "PlatziFinanzas" */;
			compatibilityVersion = "Xcode 13.0";
			developmentRegion = en;
			hasScannedForEncodings = 0;
			knownRegions = (
				en,
				Base,
			);
			mainGroup = C21493FB2731A2DB00233824;
			productRefGroup = C21494052731A2DB00233824 /* Products */;
			projectDirPath = "";
			projectRoot = "";
			targets = (
				C21494032731A2DB00233824 /* PlatziFinanzas */,
				C214941B2731A6C000233824 /* Production */,
			);
		};
/* End PBXProject section */

/* Begin PBXResourcesBuildPhase section */
		C21494022731A2DB00233824 /* Resources */ = {
			isa = PBXResourcesBuildPhase;
			buildActionMask = 2147483647;
			files = (
				C21494142731A2DB00233824 /* LaunchScreen.storyboard in Resources */,
				C21494112731A2DB00233824 /* Assets.xcassets in Resources */,
				C214943D2731D50600233824 /* Profile.storyboard in Resources */,
				C214940F2731A2DB00233824 /* Main.storyboard in Resources */,
				C214944C2731DD4600233824 /* SignIn.storyboard in Resources */,
				C21494462731D6C400233824 /* Statics.storyboard in Resources */,
				C21494482731D6F500233824 /* Budget.storyboard in Resources */,
				C214944A2731D70E00233824 /* Add.storyboard in Resources */,
				C214943B2731D34F00233824 /* Transactions.storyboard in Resources */,
			);
			runOnlyForDeploymentPostprocessing = 0;
		};
		C21494212731A6C000233824 /* Resources */ = {
			isa = PBXResourcesBuildPhase;
			buildActionMask = 2147483647;
			files = (
				C21494222731A6C000233824 /* LaunchScreen.storyboard in Resources */,
				C21494232731A6C000233824 /* Assets.xcassets in Resources */,
				C21494242731A6C000233824 /* Main.storyboard in Resources */,
			);
			runOnlyForDeploymentPostprocessing = 0;
		};
/* End PBXResourcesBuildPhase section */

/* Begin PBXSourcesBuildPhase section */
		C21494002731A2DB00233824 /* Sources */ = {
			isa = PBXSourcesBuildPhase;
			buildActionMask = 2147483647;
			files = (
				C214940C2731A2DB00233824 /* ViewController.swift in Sources */,
				C21494082731A2DB00233824 /* AppDelegate.swift in Sources */,
				C214940A2731A2DB00233824 /* SceneDelegate.swift in Sources */,
			);
			runOnlyForDeploymentPostprocessing = 0;
		};
		C214941C2731A6C000233824 /* Sources */ = {
			isa = PBXSourcesBuildPhase;
			buildActionMask = 2147483647;
			files = (
				C214941D2731A6C000233824 /* ViewController.swift in Sources */,
				C214941E2731A6C000233824 /* AppDelegate.swift in Sources */,
				C214941F2731A6C000233824 /* SceneDelegate.swift in Sources */,
			);
			runOnlyForDeploymentPostprocessing = 0;
		};
/* End PBXSourcesBuildPhase section */

/* Begin PBXVariantGroup section */
		C214940D2731A2DB00233824 /* Main.storyboard */ = {
			isa = PBXVariantGroup;
			children = (
				C214940E2731A2DB00233824 /* Base */,
			);
			name = Main.storyboard;
			sourceTree = "<group>";
		};
		C21494122731A2DB00233824 /* LaunchScreen.storyboard */ = {
			isa = PBXVariantGroup;
			children = (
				C21494132731A2DB00233824 /* Base */,
			);
			name = LaunchScreen.storyboard;
			sourceTree = "<group>";
		};
/* End PBXVariantGroup section */

/* Begin XCBuildConfiguration section */
		C21494162731A2DB00233824 /* Debug */ = {
			isa = XCBuildConfiguration;
			buildSettings = {
				ALWAYS_SEARCH_USER_PATHS = NO;
				CLANG_ANALYZER_NONNULL = YES;
				CLANG_ANALYZER_NUMBER_OBJECT_CONVERSION = YES_AGGRESSIVE;
				CLANG_CXX_LANGUAGE_STANDARD = "gnu++17";
				CLANG_CXX_LIBRARY = "libc++";
				CLANG_ENABLE_MODULES = YES;
				CLANG_ENABLE_OBJC_ARC = YES;
				CLANG_ENABLE_OBJC_WEAK = YES;
				CLANG_WARN_BLOCK_CAPTURE_AUTORELEASING = YES;
				CLANG_WARN_BOOL_CONVERSION = YES;
				CLANG_WARN_COMMA = YES;
				CLANG_WARN_CONSTANT_CONVERSION = YES;
				CLANG_WARN_DEPRECATED_OBJC_IMPLEMENTATIONS = YES;
				CLANG_WARN_DIRECT_OBJC_ISA_USAGE = YES_ERROR;
				CLANG_WARN_DOCUMENTATION_COMMENTS = YES;
				CLANG_WARN_EMPTY_BODY = YES;
				CLANG_WARN_ENUM_CONVERSION = YES;
				CLANG_WARN_INFINITE_RECURSION = YES;
				CLANG_WARN_INT_CONVERSION = YES;
				CLANG_WARN_NON_LITERAL_NULL_CONVERSION = YES;
				CLANG_WARN_OBJC_IMPLICIT_RETAIN_SELF = YES;
				CLANG_WARN_OBJC_LITERAL_CONVERSION = YES;
				CLANG_WARN_OBJC_ROOT_CLASS = YES_ERROR;
				CLANG_WARN_QUOTED_INCLUDE_IN_FRAMEWORK_HEADER = YES;
				CLANG_WARN_RANGE_LOOP_ANALYSIS = YES;
				CLANG_WARN_STRICT_PROTOTYPES = YES;
				CLANG_WARN_SUSPICIOUS_MOVE = YES;
				CLANG_WARN_UNGUARDED_AVAILABILITY = YES_AGGRESSIVE;
				CLANG_WARN_UNREACHABLE_CODE = YES;
				CLANG_WARN__DUPLICATE_METHOD_MATCH = YES;
				COPY_PHASE_STRIP = NO;
				DEBUG_INFORMATION_FORMAT = dwarf;
				ENABLE_STRICT_OBJC_MSGSEND = YES;
				ENABLE_TESTABILITY = YES;
				GCC_C_LANGUAGE_STANDARD = gnu11;
				GCC_DYNAMIC_NO_PIC = NO;
				GCC_NO_COMMON_BLOCKS = YES;
				GCC_OPTIMIZATION_LEVEL = 0;
				GCC_PREPROCESSOR_DEFINITIONS = (
					"DEBUG=1",
					"$(inherited)",
				);
				GCC_WARN_64_TO_32_BIT_CONVERSION = YES;
				GCC_WARN_ABOUT_RETURN_TYPE = YES_ERROR;
				GCC_WARN_UNDECLARED_SELECTOR = YES;
				GCC_WARN_UNINITIALIZED_AUTOS = YES_AGGRESSIVE;
				GCC_WARN_UNUSED_FUNCTION = YES;
				GCC_WARN_UNUSED_VARIABLE = YES;
				IPHONEOS_DEPLOYMENT_TARGET = 15.0;
				MTL_ENABLE_DEBUG_INFO = INCLUDE_SOURCE;
				MTL_FAST_MATH = YES;
				ONLY_ACTIVE_ARCH = YES;
				SDKROOT = iphoneos;
				SWIFT_ACTIVE_COMPILATION_CONDITIONS = DEBUG;
				SWIFT_OPTIMIZATION_LEVEL = "-Onone";
			};
			name = Debug;
		};
		C21494172731A2DB00233824 /* Release */ = {
			isa = XCBuildConfiguration;
			buildSettings = {
				ALWAYS_SEARCH_USER_PATHS = NO;
				CLANG_ANALYZER_NONNULL = YES;
				CLANG_ANALYZER_NUMBER_OBJECT_CONVERSION = YES_AGGRESSIVE;
				CLANG_CXX_LANGUAGE_STANDARD = "gnu++17";
				CLANG_CXX_LIBRARY = "libc++";
				CLANG_ENABLE_MODULES = YES;
				CLANG_ENABLE_OBJC_ARC = YES;
				CLANG_ENABLE_OBJC_WEAK = YES;
				CLANG_WARN_BLOCK_CAPTURE_AUTORELEASING = YES;
				CLANG_WARN_BOOL_CONVERSION = YES;
				CLANG_WARN_COMMA = YES;
				CLANG_WARN_CONSTANT_CONVERSION = YES;
				CLANG_WARN_DEPRECATED_OBJC_IMPLEMENTATIONS = YES;
				CLANG_WARN_DIRECT_OBJC_ISA_USAGE = YES_ERROR;
				CLANG_WARN_DOCUMENTATION_COMMENTS = YES;
				CLANG_WARN_EMPTY_BODY = YES;
				CLANG_WARN_ENUM_CONVERSION = YES;
				CLANG_WARN_INFINITE_RECURSION = YES;
				CLANG_WARN_INT_CONVERSION = YES;
				CLANG_WARN_NON_LITERAL_NULL_CONVERSION = YES;
				CLANG_WARN_OBJC_IMPLICIT_RETAIN_SELF = YES;
				CLANG_WARN_OBJC_LITERAL_CONVERSION = YES;
				CLANG_WARN_OBJC_ROOT_CLASS = YES_ERROR;
				CLANG_WARN_QUOTED_INCLUDE_IN_FRAMEWORK_HEADER = YES;
				CLANG_WARN_RANGE_LOOP_ANALYSIS = YES;
				CLANG_WARN_STRICT_PROTOTYPES = YES;
				CLANG_WARN_SUSPICIOUS_MOVE = YES;
				CLANG_WARN_UNGUARDED_AVAILABILITY = YES_AGGRESSIVE;
				CLANG_WARN_UNREACHABLE_CODE = YES;
				CLANG_WARN__DUPLICATE_METHOD_MATCH = YES;
				COPY_PHASE_STRIP = NO;
				DEBUG_INFORMATION_FORMAT = "dwarf-with-dsym";
				ENABLE_NS_ASSERTIONS = NO;
				ENABLE_STRICT_OBJC_MSGSEND = YES;
				GCC_C_LANGUAGE_STANDARD = gnu11;
				GCC_NO_COMMON_BLOCKS = YES;
				GCC_WARN_64_TO_32_BIT_CONVERSION = YES;
				GCC_WARN_ABOUT_RETURN_TYPE = YES_ERROR;
				GCC_WARN_UNDECLARED_SELECTOR = YES;
				GCC_WARN_UNINITIALIZED_AUTOS = YES_AGGRESSIVE;
				GCC_WARN_UNUSED_FUNCTION = YES;
				GCC_WARN_UNUSED_VARIABLE = YES;
				IPHONEOS_DEPLOYMENT_TARGET = 15.0;
				MTL_ENABLE_DEBUG_INFO = NO;
				MTL_FAST_MATH = YES;
				SDKROOT = iphoneos;
				SWIFT_COMPILATION_MODE = wholemodule;
				SWIFT_OPTIMIZATION_LEVEL = "-O";
				VALIDATE_PRODUCT = YES;
			};
			name = Release;
		};
		C21494192731A2DB00233824 /* Debug */ = {
			isa = XCBuildConfiguration;
			buildSettings = {
				ASSETCATALOG_COMPILER_APPICON_NAME = AppIcon;
				ASSETCATALOG_COMPILER_GLOBAL_ACCENT_COLOR_NAME = AccentColor;
				CODE_SIGN_STYLE = Automatic;
				CURRENT_PROJECT_VERSION = 1;
				DEVELOPMENT_TEAM = 7VFR5ND6JR;
				GENERATE_INFOPLIST_FILE = YES;
				INFOPLIST_FILE = PlatziFinanzas/Base/info.plist;
				INFOPLIST_KEY_UIApplicationSupportsIndirectInputEvents = YES;
				INFOPLIST_KEY_UILaunchStoryboardName = LaunchScreen;
				INFOPLIST_KEY_UIMainStoryboardFile = Main;
				INFOPLIST_KEY_UISupportedInterfaceOrientations = UIInterfaceOrientationPortrait;
				INFOPLIST_KEY_UISupportedInterfaceOrientations_iPad = "UIInterfaceOrientationPortrait UIInterfaceOrientationPortraitUpsideDown UIInterfaceOrientationLandscapeLeft UIInterfaceOrientationLandscapeRight";
				INFOPLIST_KEY_UISupportedInterfaceOrientations_iPhone = "UIInterfaceOrientationPortrait UIInterfaceOrientationLandscapeLeft UIInterfaceOrientationLandscapeRight";
				IPHONEOS_DEPLOYMENT_TARGET = 13.6;
				LD_RUNPATH_SEARCH_PATHS = (
					"$(inherited)",
					"@executable_path/Frameworks",
				);
				MARKETING_VERSION = 1.0;
				PRODUCT_BUNDLE_IDENTIFIER = saul.com.PlatziFinanzas;
				PRODUCT_NAME = "$(TARGET_NAME)";
				SWIFT_EMIT_LOC_STRINGS = YES;
				SWIFT_VERSION = 5.0;
				TARGETED_DEVICE_FAMILY = 1;
			};
			name = Debug;
		};
		C214941A2731A2DB00233824 /* Release */ = {
			isa = XCBuildConfiguration;
			buildSettings = {
				ASSETCATALOG_COMPILER_APPICON_NAME = AppIcon;
				ASSETCATALOG_COMPILER_GLOBAL_ACCENT_COLOR_NAME = AccentColor;
				CODE_SIGN_STYLE = Automatic;
				CURRENT_PROJECT_VERSION = 1;
				DEVELOPMENT_TEAM = 7VFR5ND6JR;
				GENERATE_INFOPLIST_FILE = YES;
				INFOPLIST_FILE = PlatziFinanzas/Base/info.plist;
				INFOPLIST_KEY_UIApplicationSupportsIndirectInputEvents = YES;
				INFOPLIST_KEY_UILaunchStoryboardName = LaunchScreen;
				INFOPLIST_KEY_UIMainStoryboardFile = Main;
				INFOPLIST_KEY_UISupportedInterfaceOrientations = UIInterfaceOrientationPortrait;
				INFOPLIST_KEY_UISupportedInterfaceOrientations_iPad = "UIInterfaceOrientationPortrait UIInterfaceOrientationPortraitUpsideDown UIInterfaceOrientationLandscapeLeft UIInterfaceOrientationLandscapeRight";
				INFOPLIST_KEY_UISupportedInterfaceOrientations_iPhone = "UIInterfaceOrientationPortrait UIInterfaceOrientationLandscapeLeft UIInterfaceOrientationLandscapeRight";
				IPHONEOS_DEPLOYMENT_TARGET = 13.6;
				LD_RUNPATH_SEARCH_PATHS = (
					"$(inherited)",
					"@executable_path/Frameworks",
				);
				MARKETING_VERSION = 1.0;
				PRODUCT_BUNDLE_IDENTIFIER = saul.com.PlatziFinanzas;
				PRODUCT_NAME = "$(TARGET_NAME)";
				SWIFT_EMIT_LOC_STRINGS = YES;
				SWIFT_VERSION = 5.0;
				TARGETED_DEVICE_FAMILY = 1;
			};
			name = Release;
		};
		C21494262731A6C000233824 /* Debug */ = {
			isa = XCBuildConfiguration;
			buildSettings = {
				ASSETCATALOG_COMPILER_APPICON_NAME = AppIcon;
				ASSETCATALOG_COMPILER_GLOBAL_ACCENT_COLOR_NAME = AccentColor;
				CODE_SIGN_STYLE = Automatic;
				CURRENT_PROJECT_VERSION = 1;
				DEVELOPMENT_TEAM = 7VFR5ND6JR;
				GENERATE_INFOPLIST_FILE = YES;
				INFOPLIST_FILE = "PlatziFinanzas copy-Info.plist";
				INFOPLIST_KEY_UIApplicationSupportsIndirectInputEvents = YES;
				INFOPLIST_KEY_UILaunchStoryboardName = LaunchScreen;
				INFOPLIST_KEY_UISupportedInterfaceOrientations = UIInterfaceOrientationPortrait;
				INFOPLIST_KEY_UISupportedInterfaceOrientations_iPad = "UIInterfaceOrientationPortrait UIInterfaceOrientationPortraitUpsideDown UIInterfaceOrientationLandscapeLeft UIInterfaceOrientationLandscapeRight";
				INFOPLIST_KEY_UISupportedInterfaceOrientations_iPhone = "UIInterfaceOrientationPortrait UIInterfaceOrientationLandscapeLeft UIInterfaceOrientationLandscapeRight";
				IPHONEOS_DEPLOYMENT_TARGET = 13.6;
				LD_RUNPATH_SEARCH_PATHS = (
					"$(inherited)",
					"@executable_path/Frameworks",
				);
				MARKETING_VERSION = 1.0;
				PRODUCT_BUNDLE_IDENTIFIER = saul.com.PlatziFinanzas;
				PRODUCT_NAME = "$(TARGET_NAME)";
				SWIFT_EMIT_LOC_STRINGS = YES;
				SWIFT_VERSION = 5.0;
				TARGETED_DEVICE_FAMILY = 1;
			};
			name = Debug;
		};
		C21494272731A6C000233824 /* Release */ = {
			isa = XCBuildConfiguration;
			buildSettings = {
				ASSETCATALOG_COMPILER_APPICON_NAME = AppIcon;
				ASSETCATALOG_COMPILER_GLOBAL_ACCENT_COLOR_NAME = AccentColor;
				CODE_SIGN_STYLE = Automatic;
				CURRENT_PROJECT_VERSION = 1;
				DEVELOPMENT_TEAM = 7VFR5ND6JR;
				GENERATE_INFOPLIST_FILE = YES;
				INFOPLIST_FILE = "PlatziFinanzas copy-Info.plist";
				INFOPLIST_KEY_UIApplicationSupportsIndirectInputEvents = YES;
				INFOPLIST_KEY_UILaunchStoryboardName = LaunchScreen;
				INFOPLIST_KEY_UISupportedInterfaceOrientations = UIInterfaceOrientationPortrait;
				INFOPLIST_KEY_UISupportedInterfaceOrientations_iPad = "UIInterfaceOrientationPortrait UIInterfaceOrientationPortraitUpsideDown UIInterfaceOrientationLandscapeLeft UIInterfaceOrientationLandscapeRight";
				INFOPLIST_KEY_UISupportedInterfaceOrientations_iPhone = "UIInterfaceOrientationPortrait UIInterfaceOrientationLandscapeLeft UIInterfaceOrientationLandscapeRight";
				IPHONEOS_DEPLOYMENT_TARGET = 13.6;
				LD_RUNPATH_SEARCH_PATHS = (
					"$(inherited)",
					"@executable_path/Frameworks",
				);
				MARKETING_VERSION = 1.0;
				PRODUCT_BUNDLE_IDENTIFIER = saul.com.PlatziFinanzas;
				PRODUCT_NAME = "$(TARGET_NAME)";
				SWIFT_EMIT_LOC_STRINGS = YES;
				SWIFT_VERSION = 5.0;
				TARGETED_DEVICE_FAMILY = 1;
			};
			name = Release;
		};
/* End XCBuildConfiguration section */

/* Begin XCConfigurationList section */
		C21493FF2731A2DB00233824 /* Build configuration list for PBXProject "PlatziFinanzas" */ = {
			isa = XCConfigurationList;
			buildConfigurations = (
				C21494162731A2DB00233824 /* Debug */,
				C21494172731A2DB00233824 /* Release */,
			);
			defaultConfigurationIsVisible = 0;
			defaultConfigurationName = Release;
		};
		C21494182731A2DB00233824 /* Build configuration list for PBXNativeTarget "PlatziFinanzas" */ = {
			isa = XCConfigurationList;
			buildConfigurations = (
				C21494192731A2DB00233824 /* Debug */,
				C214941A2731A2DB00233824 /* Release */,
			);
			defaultConfigurationIsVisible = 0;
			defaultConfigurationName = Release;
		};
		C21494252731A6C000233824 /* Build configuration list for PBXNativeTarget "Production" */ = {
			isa = XCConfigurationList;
			buildConfigurations = (
				C21494262731A6C000233824 /* Debug */,
				C21494272731A6C000233824 /* Release */,
			);
			defaultConfigurationIsVisible = 0;
			defaultConfigurationName = Release;
		};
/* End XCConfigurationList section */
	};
	rootObject = C21493FC2731A2DB00233824 /* Project object */;
}
